
Microsoft Visual Studio Solution File, Format Version 12.00
# Visual Studio 15
VisualStudioVersion = 15.0.27703.2018
MinimumVisualStudioVersion = 10.0.40219.1
Project("{FAE04EC0-301F-11D3-BF4B-00C04F79EFBC}") = "AutoResumeFiller", "AutoResumeFiller\AutoResumeFiller.csproj", "{A58CDAFF-E8E5-42F8-A8E6-E03AF9011195}"
EndProject
Global
	GlobalSection(SolutionConfigurationPlatforms) = preSolution
		Debug|Any CPU = Debug|Any CPU
		Release|Any CPU = Release|Any CPU
	EndGlobalSection
	GlobalSection(ProjectConfigurationPlatforms) = postSolution
		{A58CDAFF-E8E5-42F8-A8E6-E03AF9011195}.Debug|Any CPU.ActiveCfg = Debug|Any CPU
		{A58CDAFF-E8E5-42F8-A8E6-E03AF9011195}.Debug|Any CPU.Build.0 = Debug|Any CPU
		{A58CDAFF-E8E5-42F8-A8E6-E03AF9011195}.Release|Any CPU.ActiveCfg = Release|Any CPU
		{A58CDAFF-E8E5-42F8-A8E6-E03AF9011195}.Release|Any CPU.Build.0 = Release|Any CPU
	EndGlobalSection
	GlobalSection(SolutionProperties) = preSolution
		HideSolutionNode = FALSE
	EndGlobalSection
	GlobalSection(ExtensibilityGlobals) = postSolution
		SolutionGuid = {41B53B20-0EF6-4AAD-B226-6094A0AA639A}
	EndGlobalSection
EndGlobal
